
Microsoft Visual Studio Solution File, Format Version 12.00
# Visual Studio Version 17
VisualStudioVersion = 17.0.31919.166
MinimumVisualStudioVersion = 10.0.40219.1
Project("{FAE04EC0-301F-11D3-BF4B-00C04F79EFBC}") = "WebYMCA", "WebYMCA.csproj", "{22C06ECD-2247-4037-AA8A-E0D27125BA32}"
EndProject
Global
	GlobalSection(SolutionConfigurationPlatforms) = preSolution
		Debug|Any CPU = Debug|Any CPU
		Release|Any CPU = Release|Any CPU
	EndGlobalSection
	GlobalSection(ProjectConfigurationPlatforms) = postSolution
		{22C06ECD-2247-4037-AA8A-E0D27125BA32}.Debug|Any CPU.ActiveCfg = Debug|Any CPU
		{22C06ECD-2247-4037-AA8A-E0D27125BA32}.Debug|Any CPU.Build.0 = Debug|Any CPU
		{22C06ECD-2247-4037-AA8A-E0D27125BA32}.Release|Any CPU.ActiveCfg = Release|Any CPU
		{22C06ECD-2247-4037-AA8A-E0D27125BA32}.Release|Any CPU.Build.0 = Release|Any CPU
	EndGlobalSection
	GlobalSection(SolutionProperties) = preSolution
		HideSolutionNode = FALSE
	EndGlobalSection
	GlobalSection(ExtensibilityGlobals) = postSolution
		SolutionGuid = {A9DD8D05-4C4A-4560-AB36-F53D74F18869}
	EndGlobalSection
EndGlobal
